
Microsoft Visual Studio Solution File, Format Version 12.00
# Visual Studio 15
VisualStudioVersion = 15.0.27703.2035
MinimumVisualStudioVersion = 10.0.40219.1
Project("{FAE04EC0-301F-11D3-BF4B-00C04F79EFBC}") = "FoodDelivery.Api", "FoodDelivery.Api\FoodDelivery.Api.csproj", "{17003079-F1E1-4FA7-9FA3-2BA2233DD013}"
EndProject
Project("{FAE04EC0-301F-11D3-BF4B-00C04F79EFBC}") = "FoodDelivery.Data", "FoodDelivery.Data\FoodDelivery.Data.csproj", "{B694D8C3-9E0C-4661-9FAA-698F960298E1}"
EndProject
Project("{FAE04EC0-301F-11D3-BF4B-00C04F79EFBC}") = "FoodDelivery.Common", "FoodDelivery.Common\FoodDelivery.Common.csproj", "{489C97B3-0615-46B0-91F6-52B31458CF49}"
EndProject
Project("{FAE04EC0-301F-11D3-BF4B-00C04F79EFBC}") = "FoodDelivery.Services", "FoodDelivery.Services\FoodDelivery.Services.csproj", "{85F63B14-6021-4669-B4ED-78473DAD889B}"
EndProject
Global
	GlobalSection(SolutionConfigurationPlatforms) = preSolution
		Debug|Any CPU = Debug|Any CPU
		Release|Any CPU = Release|Any CPU
	EndGlobalSection
	GlobalSection(ProjectConfigurationPlatforms) = postSolution
		{17003079-F1E1-4FA7-9FA3-2BA2233DD013}.Debug|Any CPU.ActiveCfg = Debug|Any CPU
		{17003079-F1E1-4FA7-9FA3-2BA2233DD013}.Debug|Any CPU.Build.0 = Debug|Any CPU
		{17003079-F1E1-4FA7-9FA3-2BA2233DD013}.Release|Any CPU.ActiveCfg = Release|Any CPU
		{17003079-F1E1-4FA7-9FA3-2BA2233DD013}.Release|Any CPU.Build.0 = Release|Any CPU
		{B694D8C3-9E0C-4661-9FAA-698F960298E1}.Debug|Any CPU.ActiveCfg = Debug|Any CPU
		{B694D8C3-9E0C-4661-9FAA-698F960298E1}.Debug|Any CPU.Build.0 = Debug|Any CPU
		{B694D8C3-9E0C-4661-9FAA-698F960298E1}.Release|Any CPU.ActiveCfg = Release|Any CPU
		{B694D8C3-9E0C-4661-9FAA-698F960298E1}.Release|Any CPU.Build.0 = Release|Any CPU
		{489C97B3-0615-46B0-91F6-52B31458CF49}.Debug|Any CPU.ActiveCfg = Debug|Any CPU
		{489C97B3-0615-46B0-91F6-52B31458CF49}.Debug|Any CPU.Build.0 = Debug|Any CPU
		{489C97B3-0615-46B0-91F6-52B31458CF49}.Release|Any CPU.ActiveCfg = Release|Any CPU
		{489C97B3-0615-46B0-91F6-52B31458CF49}.Release|Any CPU.Build.0 = Release|Any CPU
		{85F63B14-6021-4669-B4ED-78473DAD889B}.Debug|Any CPU.ActiveCfg = Debug|Any CPU
		{85F63B14-6021-4669-B4ED-78473DAD889B}.Debug|Any CPU.Build.0 = Debug|Any CPU
		{85F63B14-6021-4669-B4ED-78473DAD889B}.Release|Any CPU.ActiveCfg = Release|Any CPU
		{85F63B14-6021-4669-B4ED-78473DAD889B}.Release|Any CPU.Build.0 = Release|Any CPU
	EndGlobalSection
	GlobalSection(SolutionProperties) = preSolution
		HideSolutionNode = FALSE
	EndGlobalSection
	GlobalSection(ExtensibilityGlobals) = postSolution
		SolutionGuid = {3DE8DFED-004C-4CB1-8B08-AB6470BC1DEE}
	EndGlobalSection
EndGlobal
